// !$*UTF8*$!
{
	archiveVersion = 1;
	classes = {
	};
	objectVersion = 50;
	objects = {

/* Begin PBXBuildFile section */
		00073969213E237200055762 /* AppDelegate.swift in Sources */ = {isa = PBXBuildFile; fileRef = 00073968213E237200055762 /* AppDelegate.swift */; };
		0007396B213E237200055762 /* ViewController.swift in Sources */ = {isa = PBXBuildFile; fileRef = 0007396A213E237200055762 /* ViewController.swift */; };
		0007396E213E237200055762 /* Main.storyboard in Resources */ = {isa = PBXBuildFile; fileRef = 0007396C213E237200055762 /* Main.storyboard */; };
		00073970213E237200055762 /* Assets.xcassets in Resources */ = {isa = PBXBuildFile; fileRef = 0007396F213E237200055762 /* Assets.xcassets */; };
		00073973213E237200055762 /* LaunchScreen.storyboard in Resources */ = {isa = PBXBuildFile; fileRef = 00073971213E237200055762 /* LaunchScreen.storyboard */; };
		00073998213E577E00055762 /* Acquired_SDK_IOS.framework in Frameworks */ = {isa = PBXBuildFile; fileRef = 00073991213E257300055762 /* Acquired_SDK_IOS.framework */; };
		00073999213E577E00055762 /* Acquired_SDK_IOS.framework in Embed Frameworks */ = {isa = PBXBuildFile; fileRef = 00073991213E257300055762 /* Acquired_SDK_IOS.framework */; settings = {ATTRIBUTES = (CodeSignOnCopy, RemoveHeadersOnCopy, ); }; };
/* End PBXBuildFile section */

/* Begin PBXCopyFilesBuildPhase section */
		0007399A213E577E00055762 /* Embed Frameworks */ = {
			isa = PBXCopyFilesBuildPhase;
			buildActionMask = 2147483647;
			dstPath = "";
			dstSubfolderSpec = 10;
			files = (
				00073999213E577E00055762 /* Acquired_SDK_IOS.framework in Embed Frameworks */,
			);
			name = "Embed Frameworks";
			runOnlyForDeploymentPostprocessing = 0;
		};
/* End PBXCopyFilesBuildPhase section */

/* Begin PBXFileReference section */
		00073965213E237100055762 /* Acquired_SDK_IOS_Example.app */ = {isa = PBXFileReference; explicitFileType = wrapper.application; includeInIndex = 0; path = Acquired_SDK_IOS_Example.app; sourceTree = BUILT_PRODUCTS_DIR; };
		00073968213E237200055762 /* AppDelegate.swift */ = {isa = PBXFileReference; lastKnownFileType = sourcecode.swift; path = AppDelegate.swift; sourceTree = "<group>"; };
		0007396A213E237200055762 /* ViewController.swift */ = {isa = PBXFileReference; lastKnownFileType = sourcecode.swift; path = ViewController.swift; sourceTree = "<group>"; };
		0007396D213E237200055762 /* Base */ = {isa = PBXFileReference; lastKnownFileType = file.storyboard; name = Base; path = Base.lproj/Main.storyboard; sourceTree = "<group>"; };
		0007396F213E237200055762 /* Assets.xcassets */ = {isa = PBXFileReference; lastKnownFileType = folder.assetcatalog; path = Assets.xcassets; sourceTree = "<group>"; };
		00073972213E237200055762 /* Base */ = {isa = PBXFileReference; lastKnownFileType = file.storyboard; name = Base; path = Base.lproj/LaunchScreen.storyboard; sourceTree = "<group>"; };
		00073974213E237200055762 /* Info.plist */ = {isa = PBXFileReference; lastKnownFileType = text.plist.xml; path = Info.plist; sourceTree = "<group>"; };
		00073991213E257300055762 /* Acquired_SDK_IOS.framework */ = {isa = PBXFileReference; explicitFileType = wrapper.framework; path = Acquired_SDK_IOS.framework; sourceTree = BUILT_PRODUCTS_DIR; };
/* End PBXFileReference section */

/* Begin PBXFrameworksBuildPhase section */
		00073962213E237100055762 /* Frameworks */ = {
			isa = PBXFrameworksBuildPhase;
			buildActionMask = 2147483647;
			files = (
				00073998213E577E00055762 /* Acquired_SDK_IOS.framework in Frameworks */,
			);
			runOnlyForDeploymentPostprocessing = 0;
		};
/* End PBXFrameworksBuildPhase section */

/* Begin PBXGroup section */
		0007395C213E237100055762 = {
			isa = PBXGroup;
			children = (
				00073967213E237100055762 /* Acquired_SDK_IOS_Example */,
				00073966213E237100055762 /* Products */,
				00073990213E257300055762 /* Frameworks */,
			);
			sourceTree = "<group>";
		};
		00073966213E237100055762 /* Products */ = {
			isa = PBXGroup;
			children = (
				00073965213E237100055762 /* Acquired_SDK_IOS_Example.app */,
			);
			name = Products;
			sourceTree = "<group>";
		};
		00073967213E237100055762 /* Acquired_SDK_IOS_Example */ = {
			isa = PBXGroup;
			children = (
				00073968213E237200055762 /* AppDelegate.swift */,
				0007396A213E237200055762 /* ViewController.swift */,
				0007396C213E237200055762 /* Main.storyboard */,
				0007396F213E237200055762 /* Assets.xcassets */,
				00073971213E237200055762 /* LaunchScreen.storyboard */,
				00073974213E237200055762 /* Info.plist */,
			);
			path = Acquired_SDK_IOS_Example;
			sourceTree = "<group>";
		};
		00073990213E257300055762 /* Frameworks */ = {
			isa = PBXGroup;
			children = (
				00073991213E257300055762 /* Acquired_SDK_IOS.framework */,
			);
			name = Frameworks;
			sourceTree = "<group>";
		};
/* End PBXGroup section */

/* Begin PBXNativeTarget section */
		00073964213E237100055762 /* Acquired_SDK_IOS_Example */ = {
			isa = PBXNativeTarget;
			buildConfigurationList = 00073977213E237200055762 /* Build configuration list for PBXNativeTarget "Acquired_SDK_IOS_Example" */;
			buildPhases = (
				00073961213E237100055762 /* Sources */,
				00073962213E237100055762 /* Frameworks */,
				00073963213E237100055762 /* Resources */,
				0007399A213E577E00055762 /* Embed Frameworks */,
			);
			buildRules = (
			);
			dependencies = (
			);
			name = Acquired_SDK_IOS_Example;
			productName = Acquired_SDK_IOS_Example;
			productReference = 00073965213E237100055762 /* Acquired_SDK_IOS_Example.app */;
			productType = "com.apple.product-type.application";
		};
/* End PBXNativeTarget section */

/* Begin PBXProject section */
		0007395D213E237100055762 /* Project object */ = {
			isa = PBXProject;
			attributes = {
				LastSwiftUpdateCheck = 0940;
				LastUpgradeCheck = 0940;
				ORGANIZATIONNAME = "Xiaoping Li";
				TargetAttributes = {
					00073964213E237100055762 = {
						CreatedOnToolsVersion = 9.4.1;
					};
				};
			};
			buildConfigurationList = 00073960213E237100055762 /* Build configuration list for PBXProject "Acquired_SDK_IOS_Example" */;
			compatibilityVersion = "Xcode 9.3";
			developmentRegion = en;
			hasScannedForEncodings = 0;
			knownRegions = (
				en,
				Base,
			);
			mainGroup = 0007395C213E237100055762;
			productRefGroup = 00073966213E237100055762 /* Products */;
			projectDirPath = "";
			projectRoot = "";
			targets = (
				00073964213E237100055762 /* Acquired_SDK_IOS_Example */,
			);
		};
/* End PBXProject section */

/* Begin PBXResourcesBuildPhase section */
		00073963213E237100055762 /* Resources */ = {
			isa = PBXResourcesBuildPhase;
			buildActionMask = 2147483647;
			files = (
				00073973213E237200055762 /* LaunchScreen.storyboard in Resources */,
				00073970213E237200055762 /* Assets.xcassets in Resources */,
				0007396E213E237200055762 /* Main.storyboard in Resources */,
			);
			runOnlyForDeploymentPostprocessing = 0;
		};
/* End PBXResourcesBuildPhase section */

/* Begin PBXSourcesBuildPhase section */
		00073961213E237100055762 /* Sources */ = {
			isa = PBXSourcesBuildPhase;
			buildActionMask = 2147483647;
			files = (
				0007396B213E237200055762 /* ViewController.swift in Sources */,
				00073969213E237200055762 /* AppDelegate.swift in Sources */,
			);
			runOnlyForDeploymentPostprocessing = 0;
		};
/* End PBXSourcesBuildPhase section */

/* Begin PBXVariantGroup section */
		0007396C213E237200055762 /* Main.storyboard */ = {
			isa = PBXVariantGroup;
			children = (
				0007396D213E237200055762 /* Base */,
			);
			name = Main.storyboard;
			sourceTree = "<group>";
		};
		00073971213E237200055762 /* LaunchScreen.storyboard */ = {
			isa = PBXVariantGroup;
			children = (
				00073972213E237200055762 /* Base */,
			);
			name = LaunchScreen.storyboard;
			sourceTree = "<group>";
		};
/* End PBXVariantGroup section */

/* Begin XCBuildConfiguration section */
		00073975213E237200055762 /* Debug */ = {
			isa = XCBuildConfiguration;
			buildSettings = {
				ALWAYS_SEARCH_USER_PATHS = NO;
				CLANG_ANALYZER_NONNULL = YES;
				CLANG_ANALYZER_NUMBER_OBJECT_CONVERSION = YES_AGGRESSIVE;
				CLANG_CXX_LANGUAGE_STANDARD = "gnu++14";
				CLANG_CXX_LIBRARY = "libc++";
				CLANG_ENABLE_MODULES = YES;
				CLANG_ENABLE_OBJC_ARC = YES;
				CLANG_ENABLE_OBJC_WEAK = YES;
				CLANG_WARN_BLOCK_CAPTURE_AUTORELEASING = YES;
				CLANG_WARN_BOOL_CONVERSION = YES;
				CLANG_WARN_COMMA = YES;
				CLANG_WARN_CONSTANT_CONVERSION = YES;
				CLANG_WARN_DEPRECATED_OBJC_IMPLEMENTATIONS = YES;
				CLANG_WARN_DIRECT_OBJC_ISA_USAGE = YES_ERROR;
				CLANG_WARN_DOCUMENTATION_COMMENTS = YES;
				CLANG_WARN_EMPTY_BODY = YES;
				CLANG_WARN_ENUM_CONVERSION = YES;
				CLANG_WARN_INFINITE_RECURSION = YES;
				CLANG_WARN_INT_CONVERSION = YES;
				CLANG_WARN_NON_LITERAL_NULL_CONVERSION = YES;
				CLANG_WARN_OBJC_IMPLICIT_RETAIN_SELF = YES;
				CLANG_WARN_OBJC_LITERAL_CONVERSION = YES;
				CLANG_WARN_OBJC_ROOT_CLASS = YES_ERROR;
				CLANG_WARN_RANGE_LOOP_ANALYSIS = YES;
				CLANG_WARN_STRICT_PROTOTYPES = YES;
				CLANG_WARN_SUSPICIOUS_MOVE = YES;
				CLANG_WARN_UNGUARDED_AVAILABILITY = YES_AGGRESSIVE;
				CLANG_WARN_UNREACHABLE_CODE = YES;
				CLANG_WARN__DUPLICATE_METHOD_MATCH = YES;
				CODE_SIGN_IDENTITY = "iPhone Developer";
				COPY_PHASE_STRIP = NO;
				DEBUG_INFORMATION_FORMAT = dwarf;
				ENABLE_STRICT_OBJC_MSGSEND = YES;
				ENABLE_TESTABILITY = YES;
				GCC_C_LANGUAGE_STANDARD = gnu11;
				GCC_DYNAMIC_NO_PIC = NO;
				GCC_NO_COMMON_BLOCKS = YES;
				GCC_OPTIMIZATION_LEVEL = 0;
				GCC_PREPROCESSOR_DEFINITIONS = (
					"DEBUG=1",
					"$(inherited)",
				);
				GCC_WARN_64_TO_32_BIT_CONVERSION = YES;
				GCC_WARN_ABOUT_RETURN_TYPE = YES_ERROR;
				GCC_WARN_UNDECLARED_SELECTOR = YES;
				GCC_WARN_UNINITIALIZED_AUTOS = YES_AGGRESSIVE;
				GCC_WARN_UNUSED_FUNCTION = YES;
				GCC_WARN_UNUSED_VARIABLE = YES;
				IPHONEOS_DEPLOYMENT_TARGET = 11.4;
				MTL_ENABLE_DEBUG_INFO = YES;
				ONLY_ACTIVE_ARCH = YES;
				SDKROOT = iphoneos;
				SWIFT_ACTIVE_COMPILATION_CONDITIONS = DEBUG;
				SWIFT_OPTIMIZATION_LEVEL = "-Onone";
			};
			name = Debug;
		};
		00073976213E237200055762 /* Release */ = {
			isa = XCBuildConfiguration;
			buildSettings = {
				ALWAYS_SEARCH_USER_PATHS = NO;
				CLANG_ANALYZER_NONNULL = YES;
				CLANG_ANALYZER_NUMBER_OBJECT_CONVERSION = YES_AGGRESSIVE;
				CLANG_CXX_LANGUAGE_STANDARD = "gnu++14";
				CLANG_CXX_LIBRARY = "libc++";
				CLANG_ENABLE_MODULES = YES;
				CLANG_ENABLE_OBJC_ARC = YES;
				CLANG_ENABLE_OBJC_WEAK = YES;
				CLANG_WARN_BLOCK_CAPTURE_AUTORELEASING = YES;
				CLANG_WARN_BOOL_CONVERSION = YES;
				CLANG_WARN_COMMA = YES;
				CLANG_WARN_CONSTANT_CONVERSION = YES;
				CLANG_WARN_DEPRECATED_OBJC_IMPLEMENTATIONS = YES;
				CLANG_WARN_DIRECT_OBJC_ISA_USAGE = YES_ERROR;
				CLANG_WARN_DOCUMENTATION_COMMENTS = YES;
				CLANG_WARN_EMPTY_BODY = YES;
				CLANG_WARN_ENUM_CONVERSION = YES;
				CLANG_WARN_INFINITE_RECURSION = YES;
				CLANG_WARN_INT_CONVERSION = YES;
				CLANG_WARN_NON_LITERAL_NULL_CONVERSION = YES;
				CLANG_WARN_OBJC_IMPLICIT_RETAIN_SELF = YES;
				CLANG_WARN_OBJC_LITERAL_CONVERSION = YES;
				CLANG_WARN_OBJC_ROOT_CLASS = YES_ERROR;
				CLANG_WARN_RANGE_LOOP_ANALYSIS = YES;
				CLANG_WARN_STRICT_PROTOTYPES = YES;
				CLANG_WARN_SUSPICIOUS_MOVE = YES;
				CLANG_WARN_UNGUARDED_AVAILABILITY = YES_AGGRESSIVE;
				CLANG_WARN_UNREACHABLE_CODE = YES;
				CLANG_WARN__DUPLICATE_METHOD_MATCH = YES;
				CODE_SIGN_IDENTITY = "iPhone Developer";
				COPY_PHASE_STRIP = NO;
				DEBUG_INFORMATION_FORMAT = "dwarf-with-dsym";
				ENABLE_NS_ASSERTIONS = NO;
				ENABLE_STRICT_OBJC_MSGSEND = YES;
				GCC_C_LANGUAGE_STANDARD = gnu11;
				GCC_NO_COMMON_BLOCKS = YES;
				GCC_WARN_64_TO_32_BIT_CONVERSION = YES;
				GCC_WARN_ABOUT_RETURN_TYPE = YES_ERROR;
				GCC_WARN_UNDECLARED_SELECTOR = YES;
				GCC_WARN_UNINITIALIZED_AUTOS = YES_AGGRESSIVE;
				GCC_WARN_UNUSED_FUNCTION = YES;
				GCC_WARN_UNUSED_VARIABLE = YES;
				IPHONEOS_DEPLOYMENT_TARGET = 11.4;
				MTL_ENABLE_DEBUG_INFO = NO;
				SDKROOT = iphoneos;
				SWIFT_COMPILATION_MODE = wholemodule;
				SWIFT_OPTIMIZATION_LEVEL = "-O";
				VALIDATE_PRODUCT = YES;
			};
			name = Release;
		};
		00073978213E237200055762 /* Debug */ = {
			isa = XCBuildConfiguration;
			buildSettings = {
				ASSETCATALOG_COMPILER_APPICON_NAME = AppIcon;
				CODE_SIGN_STYLE = Automatic;
				DEVELOPMENT_TEAM = QU8VTJT85C;
				INFOPLIST_FILE = Acquired_SDK_IOS_Example/Info.plist;
				IPHONEOS_DEPLOYMENT_TARGET = 9.0;
				LD_RUNPATH_SEARCH_PATHS = (
					"$(inherited)",
					"@executable_path/Frameworks",
				);
				PRODUCT_BUNDLE_IDENTIFIER = "hpp.acquired.com.Acquired-SDK-IOS-Example";
				PRODUCT_NAME = "$(TARGET_NAME)";
				SWIFT_VERSION = 4.0;
				TARGETED_DEVICE_FAMILY = "1,2";
			};
			name = Debug;
		};
		00073979213E237200055762 /* Release */ = {
			isa = XCBuildConfiguration;
			buildSettings = {
				ASSETCATALOG_COMPILER_APPICON_NAME = AppIcon;
				CODE_SIGN_STYLE = Automatic;
				DEVELOPMENT_TEAM = QU8VTJT85C;
				INFOPLIST_FILE = Acquired_SDK_IOS_Example/Info.plist;
				IPHONEOS_DEPLOYMENT_TARGET = 9.0;
				LD_RUNPATH_SEARCH_PATHS = (
					"$(inherited)",
					"@executable_path/Frameworks",
				);
				PRODUCT_BUNDLE_IDENTIFIER = "hpp.acquired.com.Acquired-SDK-IOS-Example";
				PRODUCT_NAME = "$(TARGET_NAME)";
				SWIFT_VERSION = 4.0;
				TARGETED_DEVICE_FAMILY = "1,2";
			};
			name = Release;
		};
/* End XCBuildConfiguration section */

/* Begin XCConfigurationList section */
		00073960213E237100055762 /* Build configuration list for PBXProject "Acquired_SDK_IOS_Example" */ = {
			isa = XCConfigurationList;
			buildConfigurations = (
				00073975213E237200055762 /* Debug */,
				00073976213E237200055762 /* Release */,
			);
			defaultConfigurationIsVisible = 0;
			defaultConfigurationName = Release;
		};
		00073977213E237200055762 /* Build configuration list for PBXNativeTarget "Acquired_SDK_IOS_Example" */ = {
			isa = XCConfigurationList;
			buildConfigurations = (
				00073978213E237200055762 /* Debug */,
				00073979213E237200055762 /* Release */,
			);
			defaultConfigurationIsVisible = 0;
			defaultConfigurationName = Release;
		};
/* End XCConfigurationList section */
	};
	rootObject = 0007395D213E237100055762 /* Project object */;
}
